<?xml version="1.0" encoding="utf-8"?>
<Project ToolsVersion="4.0" xmlns="http://schemas.microsoft.com/developer/msbuild/2003">
  <ItemGroup>
    <Filter Include="Source Files">
      <UniqueIdentifier>{4FC737F1-C7A5-4376-A066-2A32D752A2FF}</UniqueIdentifier>
      <Extensions>cpp;c;cc;cxx;c++;cppm;ixx;def;odl;idl;hpj;bat;asm;asmx</Extensions>
    </Filter>
    <Filter Include="Header Files">
      <UniqueIdentifier>{93995380-89BD-4b04-88EB-625FBE52EBFB}</UniqueIdentifier>
      <Extensions>h;hh;hpp;hxx;h++;hm;inl;inc;ipp;xsd</Extensions>
    </Filter>
    <Filter Include="Resource Files">
      <UniqueIdentifier>{67DA6AB6-F800-4c08-8B7A-83BB121AAD01}</UniqueIdentifier>
      <Extensions>rc;ico;cur;bmp;dlg;rc2;rct;bin;rgs;gif;jpg;jpeg;jpe;resx;tiff;tif;png;wav;mfcribbon-ms</Extensions>
    </Filter>
    <Filter Include="Source Files\others">
      <UniqueIdentifier>{a8709aff-407a-450b-8d26-4999b8cdf4ec}</UniqueIdentifier>
    </Filter>
    <Filter Include="Source Files\screens">
      <UniqueIdentifier>{079dd97c-1ffb-444b-8961-71d0cfc53120}</UniqueIdentifier>
    </Filter>
  </ItemGroup>
  <ItemGroup>
    <ClCompile Include="source\readstory.c">
      <Filter>Source Files</Filter>
    </ClCompile>
    <ClCompile Include="source\main.c">
      <Filter>Source Files</Filter>
    </ClCompile>
    <ClCompile Include="source\gameintro.c">
      <Filter>Source Files\screens</Filter>
    </ClCompile>
    <ClCompile Include="source\index.c">
      <Filter>Source Files\screens</Filter>
    </ClCompile>
    <ClCompile Include="source\newgame.c">
      <Filter>Source Files\screens</Filter>
    </ClCompile>
    <ClCompile Include="source\utils.c">
      <Filter>Source Files\others</Filter>
    </ClCompile>
  </ItemGroup>
  <ItemGroup>
    <ClInclude Include="headers\initializer.h">
      <Filter>Header Files</Filter>
    </ClInclude>
    <ClInclude Include="headers\utils.h">
      <Filter>Header Files</Filter>
    </ClInclude>
    <ClInclude Include="headers\easyAudio.h">
      <Filter>Header Files</Filter>
    </ClInclude>
    <ClInclude Include="headers\easyDefine.h">
      <Filter>Header Files</Filter>
    </ClInclude>
    <ClInclude Include="headers\easyDisplay.h">
      <Filter>Header Files</Filter>
    </ClInclude>
    <ClInclude Include="headers\easyImage.h">
      <Filter>Header Files</Filter>
    </ClInclude>
    <ClInclude Include="headers\easyMouse.h">
      <Filter>Header Files</Filter>
    </ClInclude>
    <ClInclude Include="headers\global.h">
      <Filter>Header Files</Filter>
    </ClInclude>
  </ItemGroup>
  <ItemGroup>
    <None Include="..\README.md" />
  </ItemGroup>
  <ItemGroup>
    <Text Include="data\names.txt">
      <Filter>Resource Files</Filter>
    </Text>
    <Text Include="data\story.txt">
      <Filter>Resource Files</Filter>
    </Text>
  </ItemGroup>
</Project>